
Microsoft Visual Studio Solution File, Format Version 12.00
# Visual Studio 14
VisualStudioVersion = 14.0.23107.0
MinimumVisualStudioVersion = 10.0.40219.1
Project("{FAE04EC0-301F-11D3-BF4B-00C04F79EFBC}") = "TestProject", "TestProject\TestProject.csproj", "{7AB85E97-5D66-4C7C-ACEC-AFEA79CE3510}"
EndProject
Project("{FAE04EC0-301F-11D3-BF4B-00C04F79EFBC}") = "TestProject.Tests", "TestProject.Tests\TestProject.Tests.csproj", "{F2FF0C7F-A687-4CAB-87D0-51B3D753DC45}"
EndProject
Project("{2150E333-8FDC-42A3-9474-1A3956D46DE8}") = "PublishScripts", "PublishScripts", "{A68BC609-CC8F-4C1A-9966-B5EB211114E6}"
	ProjectSection(SolutionItems) = preProject
		PublishScripts\AzureVMPublishModule.psm1 = PublishScripts\AzureVMPublishModule.psm1
		PublishScripts\Publish-WebApplicationVM.ps1 = PublishScripts\Publish-WebApplicationVM.ps1
	EndProjectSection
EndProject
Project("{2150E333-8FDC-42A3-9474-1A3956D46DE8}") = "Configurations", "Configurations", "{535719DE-BA43-419E-9061-4BBEDBAA77F0}"
	ProjectSection(SolutionItems) = preProject
		PublishScripts\Configurations\TestProject-WAWS-dev.json = PublishScripts\Configurations\TestProject-WAWS-dev.json
	EndProjectSection
EndProject
Global
	GlobalSection(SolutionConfigurationPlatforms) = preSolution
		Debug|Any CPU = Debug|Any CPU
		Release|Any CPU = Release|Any CPU
	EndGlobalSection
	GlobalSection(ProjectConfigurationPlatforms) = postSolution
		{7AB85E97-5D66-4C7C-ACEC-AFEA79CE3510}.Debug|Any CPU.ActiveCfg = Debug|Any CPU
		{7AB85E97-5D66-4C7C-ACEC-AFEA79CE3510}.Debug|Any CPU.Build.0 = Debug|Any CPU
		{7AB85E97-5D66-4C7C-ACEC-AFEA79CE3510}.Release|Any CPU.ActiveCfg = Release|Any CPU
		{7AB85E97-5D66-4C7C-ACEC-AFEA79CE3510}.Release|Any CPU.Build.0 = Release|Any CPU
		{F2FF0C7F-A687-4CAB-87D0-51B3D753DC45}.Debug|Any CPU.ActiveCfg = Debug|Any CPU
		{F2FF0C7F-A687-4CAB-87D0-51B3D753DC45}.Debug|Any CPU.Build.0 = Debug|Any CPU
		{F2FF0C7F-A687-4CAB-87D0-51B3D753DC45}.Release|Any CPU.ActiveCfg = Release|Any CPU
		{F2FF0C7F-A687-4CAB-87D0-51B3D753DC45}.Release|Any CPU.Build.0 = Release|Any CPU
	EndGlobalSection
	GlobalSection(SolutionProperties) = preSolution
		HideSolutionNode = FALSE
	EndGlobalSection
	GlobalSection(NestedProjects) = preSolution
		{535719DE-BA43-419E-9061-4BBEDBAA77F0} = {A68BC609-CC8F-4C1A-9966-B5EB211114E6}
	EndGlobalSection
EndGlobal
